// !$*UTF8*$!
{
	archiveVersion = 1;
	classes = {
	};
	objectVersion = 52;
	objects = {

/* Begin PBXBuildFile section */
		175CD5822626DCB700A0EE37 /* EveryLifeCareApp.swift in Sources */ = {isa = PBXBuildFile; fileRef = 175CD5812626DCB700A0EE37 /* EveryLifeCareApp.swift */; };
		175CD5842626DCB700A0EE37 /* ContentView.swift in Sources */ = {isa = PBXBuildFile; fileRef = 175CD5832626DCB700A0EE37 /* ContentView.swift */; };
		175CD5862626DCB800A0EE37 /* Assets.xcassets in Resources */ = {isa = PBXBuildFile; fileRef = 175CD5852626DCB800A0EE37 /* Assets.xcassets */; };
		175CD5892626DCB800A0EE37 /* Preview Assets.xcassets in Resources */ = {isa = PBXBuildFile; fileRef = 175CD5882626DCB800A0EE37 /* Preview Assets.xcassets */; };
		175CD59F2626DCB800A0EE37 /* EveryLifeCareUITests.swift in Sources */ = {isa = PBXBuildFile; fileRef = 175CD59E2626DCB800A0EE37 /* EveryLifeCareUITests.swift */; };
		175CD5B12626E65800A0EE37 /* GRDB in Frameworks */ = {isa = PBXBuildFile; productRef = 175CD5B02626E65800A0EE37 /* GRDB */; };
		175CD5BA2626E71400A0EE37 /* Task.swift in Sources */ = {isa = PBXBuildFile; fileRef = 175CD5B92626E71400A0EE37 /* Task.swift */; };
		175CD5C22626E72F00A0EE37 /* Task+Fetchable.swift in Sources */ = {isa = PBXBuildFile; fileRef = 175CD5C12626E72F00A0EE37 /* Task+Fetchable.swift */; };
		175CD5C82626EDFD00A0EE37 /* HTTPClient.swift in Sources */ = {isa = PBXBuildFile; fileRef = 175CD5C72626EDFD00A0EE37 /* HTTPClient.swift */; };
		175CD5D02626EE1800A0EE37 /* URLSessionHTTPClient.swift in Sources */ = {isa = PBXBuildFile; fileRef = 175CD5CF2626EE1800A0EE37 /* URLSessionHTTPClient.swift */; };
		175CD5D92626EE9E00A0EE37 /* XCTestCase+MemoryLeakTracking.swift in Sources */ = {isa = PBXBuildFile; fileRef = 175CD5D82626EE9E00A0EE37 /* XCTestCase+MemoryLeakTracking.swift */; };
		175CD5E12626EEC200A0EE37 /* URLSessionHTTPClientTests.swift in Sources */ = {isa = PBXBuildFile; fileRef = 175CD5E02626EEC200A0EE37 /* URLSessionHTTPClientTests.swift */; };
		175CD5FA26271D4900A0EE37 /* SQLDatabase.swift in Sources */ = {isa = PBXBuildFile; fileRef = 175CD5F926271D4900A0EE37 /* SQLDatabase.swift */; };
		175CD5FF26271D6900A0EE37 /* DatabaseTable.swift in Sources */ = {isa = PBXBuildFile; fileRef = 175CD5FE26271D6900A0EE37 /* DatabaseTable.swift */; };
		175CD60426271D9100A0EE37 /* SQLDatabase+DataStore.swift in Sources */ = {isa = PBXBuildFile; fileRef = 175CD60326271D9100A0EE37 /* SQLDatabase+DataStore.swift */; };
		175CD60926271DCF00A0EE37 /* TaskDataStore.swift in Sources */ = {isa = PBXBuildFile; fileRef = 175CD60826271DCF00A0EE37 /* TaskDataStore.swift */; };
		175CD61126271E8700A0EE37 /* SQLDatabaseTests.swift in Sources */ = {isa = PBXBuildFile; fileRef = 175CD61026271E8700A0EE37 /* SQLDatabaseTests.swift */; };
		175CD61C2627249000A0EE37 /* TaskLoader.swift in Sources */ = {isa = PBXBuildFile; fileRef = 175CD61B2627249000A0EE37 /* TaskLoader.swift */; };
		175CD621262724A900A0EE37 /* TaskAPI.swift in Sources */ = {isa = PBXBuildFile; fileRef = 175CD620262724A900A0EE37 /* TaskAPI.swift */; };
		175CD626262724CB00A0EE37 /* TaskMapper.swift in Sources */ = {isa = PBXBuildFile; fileRef = 175CD625262724CB00A0EE37 /* TaskMapper.swift */; };
		175CD62C2627253B00A0EE37 /* TaskMapperTests.swift in Sources */ = {isa = PBXBuildFile; fileRef = 175CD62B2627253B00A0EE37 /* TaskMapperTests.swift */; };
		175CD634262736C900A0EE37 /* TaskAPITests.swift in Sources */ = {isa = PBXBuildFile; fileRef = 175CD633262736C900A0EE37 /* TaskAPITests.swift */; };
		175CD63A2627405000A0EE37 /* LoadingSpinnerView.swift in Sources */ = {isa = PBXBuildFile; fileRef = 175CD6392627405000A0EE37 /* LoadingSpinnerView.swift */; };
		175CD6422627418B00A0EE37 /* BannerView.swift in Sources */ = {isa = PBXBuildFile; fileRef = 175CD6412627418B00A0EE37 /* BannerView.swift */; };
		175CD647262741B500A0EE37 /* FilterBar.swift in Sources */ = {isa = PBXBuildFile; fileRef = 175CD646262741B500A0EE37 /* FilterBar.swift */; };
		175CD6542627422C00A0EE37 /* TaskView.swift in Sources */ = {isa = PBXBuildFile; fileRef = 175CD6532627422C00A0EE37 /* TaskView.swift */; };
/* End PBXBuildFile section */

/* Begin PBXContainerItemProxy section */
		175CD5902626DCB800A0EE37 /* PBXContainerItemProxy */ = {
			isa = PBXContainerItemProxy;
			containerPortal = 175CD5762626DCB700A0EE37 /* Project object */;
			proxyType = 1;
			remoteGlobalIDString = 175CD57D2626DCB700A0EE37;
			remoteInfo = EveryLifeCare;
		};
		175CD59B2626DCB800A0EE37 /* PBXContainerItemProxy */ = {
			isa = PBXContainerItemProxy;
			containerPortal = 175CD5762626DCB700A0EE37 /* Project object */;
			proxyType = 1;
			remoteGlobalIDString = 175CD57D2626DCB700A0EE37;
			remoteInfo = EveryLifeCare;
		};
/* End PBXContainerItemProxy section */

/* Begin PBXFileReference section */
		175CD57E2626DCB700A0EE37 /* EveryLifeCare.app */ = {isa = PBXFileReference; explicitFileType = wrapper.application; includeInIndex = 0; path = EveryLifeCare.app; sourceTree = BUILT_PRODUCTS_DIR; };
		175CD5812626DCB700A0EE37 /* EveryLifeCareApp.swift */ = {isa = PBXFileReference; lastKnownFileType = sourcecode.swift; path = EveryLifeCareApp.swift; sourceTree = "<group>"; };
		175CD5832626DCB700A0EE37 /* ContentView.swift */ = {isa = PBXFileReference; lastKnownFileType = sourcecode.swift; path = ContentView.swift; sourceTree = "<group>"; };
		175CD5852626DCB800A0EE37 /* Assets.xcassets */ = {isa = PBXFileReference; lastKnownFileType = folder.assetcatalog; path = Assets.xcassets; sourceTree = "<group>"; };
		175CD5882626DCB800A0EE37 /* Preview Assets.xcassets */ = {isa = PBXFileReference; lastKnownFileType = folder.assetcatalog; path = "Preview Assets.xcassets"; sourceTree = "<group>"; };
		175CD58A2626DCB800A0EE37 /* Info.plist */ = {isa = PBXFileReference; lastKnownFileType = text.plist.xml; path = Info.plist; sourceTree = "<group>"; };
		175CD58F2626DCB800A0EE37 /* EveryLifeCareTests.xctest */ = {isa = PBXFileReference; explicitFileType = wrapper.cfbundle; includeInIndex = 0; path = EveryLifeCareTests.xctest; sourceTree = BUILT_PRODUCTS_DIR; };
		175CD5952626DCB800A0EE37 /* Info.plist */ = {isa = PBXFileReference; lastKnownFileType = text.plist.xml; path = Info.plist; sourceTree = "<group>"; };
		175CD59A2626DCB800A0EE37 /* EveryLifeCareUITests.xctest */ = {isa = PBXFileReference; explicitFileType = wrapper.cfbundle; includeInIndex = 0; path = EveryLifeCareUITests.xctest; sourceTree = BUILT_PRODUCTS_DIR; };
		175CD59E2626DCB800A0EE37 /* EveryLifeCareUITests.swift */ = {isa = PBXFileReference; lastKnownFileType = sourcecode.swift; path = EveryLifeCareUITests.swift; sourceTree = "<group>"; };
		175CD5A02626DCB800A0EE37 /* Info.plist */ = {isa = PBXFileReference; lastKnownFileType = text.plist.xml; path = Info.plist; sourceTree = "<group>"; };
		175CD5B92626E71400A0EE37 /* Task.swift */ = {isa = PBXFileReference; lastKnownFileType = sourcecode.swift; path = Task.swift; sourceTree = "<group>"; };
		175CD5C12626E72F00A0EE37 /* Task+Fetchable.swift */ = {isa = PBXFileReference; lastKnownFileType = sourcecode.swift; path = "Task+Fetchable.swift"; sourceTree = "<group>"; };
		175CD5C72626EDFD00A0EE37 /* HTTPClient.swift */ = {isa = PBXFileReference; lastKnownFileType = sourcecode.swift; path = HTTPClient.swift; sourceTree = "<group>"; };
		175CD5CF2626EE1800A0EE37 /* URLSessionHTTPClient.swift */ = {isa = PBXFileReference; lastKnownFileType = sourcecode.swift; path = URLSessionHTTPClient.swift; sourceTree = "<group>"; };
		175CD5D82626EE9E00A0EE37 /* XCTestCase+MemoryLeakTracking.swift */ = {isa = PBXFileReference; lastKnownFileType = sourcecode.swift; path = "XCTestCase+MemoryLeakTracking.swift"; sourceTree = "<group>"; };
		175CD5E02626EEC200A0EE37 /* URLSessionHTTPClientTests.swift */ = {isa = PBXFileReference; lastKnownFileType = sourcecode.swift; path = URLSessionHTTPClientTests.swift; sourceTree = "<group>"; };
		175CD5F926271D4900A0EE37 /* SQLDatabase.swift */ = {isa = PBXFileReference; lastKnownFileType = sourcecode.swift; path = SQLDatabase.swift; sourceTree = "<group>"; };
		175CD5FE26271D6900A0EE37 /* DatabaseTable.swift */ = {isa = PBXFileReference; lastKnownFileType = sourcecode.swift; path = DatabaseTable.swift; sourceTree = "<group>"; };
		175CD60326271D9100A0EE37 /* SQLDatabase+DataStore.swift */ = {isa = PBXFileReference; lastKnownFileType = sourcecode.swift; path = "SQLDatabase+DataStore.swift"; sourceTree = "<group>"; };
		175CD60826271DCF00A0EE37 /* TaskDataStore.swift */ = {isa = PBXFileReference; lastKnownFileType = sourcecode.swift; path = TaskDataStore.swift; sourceTree = "<group>"; };
		175CD61026271E8700A0EE37 /* SQLDatabaseTests.swift */ = {isa = PBXFileReference; lastKnownFileType = sourcecode.swift; path = SQLDatabaseTests.swift; sourceTree = "<group>"; };
		175CD61B2627249000A0EE37 /* TaskLoader.swift */ = {isa = PBXFileReference; lastKnownFileType = sourcecode.swift; path = TaskLoader.swift; sourceTree = "<group>"; };
		175CD620262724A900A0EE37 /* TaskAPI.swift */ = {isa = PBXFileReference; lastKnownFileType = sourcecode.swift; path = TaskAPI.swift; sourceTree = "<group>"; };
		175CD625262724CB00A0EE37 /* TaskMapper.swift */ = {isa = PBXFileReference; lastKnownFileType = sourcecode.swift; path = TaskMapper.swift; sourceTree = "<group>"; };
		175CD62B2627253B00A0EE37 /* TaskMapperTests.swift */ = {isa = PBXFileReference; lastKnownFileType = sourcecode.swift; path = TaskMapperTests.swift; sourceTree = "<group>"; };
		175CD633262736C900A0EE37 /* TaskAPITests.swift */ = {isa = PBXFileReference; lastKnownFileType = sourcecode.swift; path = TaskAPITests.swift; sourceTree = "<group>"; };
		175CD6392627405000A0EE37 /* LoadingSpinnerView.swift */ = {isa = PBXFileReference; lastKnownFileType = sourcecode.swift; path = LoadingSpinnerView.swift; sourceTree = "<group>"; };
		175CD6412627418B00A0EE37 /* BannerView.swift */ = {isa = PBXFileReference; lastKnownFileType = sourcecode.swift; path = BannerView.swift; sourceTree = "<group>"; };
		175CD646262741B500A0EE37 /* FilterBar.swift */ = {isa = PBXFileReference; lastKnownFileType = sourcecode.swift; path = FilterBar.swift; sourceTree = "<group>"; };
		175CD6532627422C00A0EE37 /* TaskView.swift */ = {isa = PBXFileReference; lastKnownFileType = sourcecode.swift; path = TaskView.swift; sourceTree = "<group>"; };
/* End PBXFileReference section */

/* Begin PBXFrameworksBuildPhase section */
		175CD57B2626DCB700A0EE37 /* Frameworks */ = {
			isa = PBXFrameworksBuildPhase;
			buildActionMask = 2147483647;
			files = (
				175CD5B12626E65800A0EE37 /* GRDB in Frameworks */,
			);
			runOnlyForDeploymentPostprocessing = 0;
		};
		175CD58C2626DCB800A0EE37 /* Frameworks */ = {
			isa = PBXFrameworksBuildPhase;
			buildActionMask = 2147483647;
			files = (
			);
			runOnlyForDeploymentPostprocessing = 0;
		};
		175CD5972626DCB800A0EE37 /* Frameworks */ = {
			isa = PBXFrameworksBuildPhase;
			buildActionMask = 2147483647;
			files = (
			);
			runOnlyForDeploymentPostprocessing = 0;
		};
/* End PBXFrameworksBuildPhase section */

/* Begin PBXGroup section */
		175CD5752626DCB700A0EE37 = {
			isa = PBXGroup;
			children = (
				175CD5802626DCB700A0EE37 /* EveryLifeCare */,
				175CD5922626DCB800A0EE37 /* EveryLifeCareTests */,
				175CD59D2626DCB800A0EE37 /* EveryLifeCareUITests */,
				175CD57F2626DCB700A0EE37 /* Products */,
			);
			sourceTree = "<group>";
		};
		175CD57F2626DCB700A0EE37 /* Products */ = {
			isa = PBXGroup;
			children = (
				175CD57E2626DCB700A0EE37 /* EveryLifeCare.app */,
				175CD58F2626DCB800A0EE37 /* EveryLifeCareTests.xctest */,
				175CD59A2626DCB800A0EE37 /* EveryLifeCareUITests.xctest */,
			);
			name = Products;
			sourceTree = "<group>";
		};
		175CD5802626DCB700A0EE37 /* EveryLifeCare */ = {
			isa = PBXGroup;
			children = (
				175CD6582627424900A0EE37 /* View Models */,
				175CD6382627403300A0EE37 /* Views */,
				175CD5F826271D3400A0EE37 /* Database */,
				175CD5C62626EA0600A0EE37 /* Network */,
				175CD5B82626E70100A0EE37 /* Data Model */,
				175CD5812626DCB700A0EE37 /* EveryLifeCareApp.swift */,
				175CD5832626DCB700A0EE37 /* ContentView.swift */,
				175CD5852626DCB800A0EE37 /* Assets.xcassets */,
				175CD58A2626DCB800A0EE37 /* Info.plist */,
				175CD5872626DCB800A0EE37 /* Preview Content */,
			);
			path = EveryLifeCare;
			sourceTree = "<group>";
		};
		175CD5872626DCB800A0EE37 /* Preview Content */ = {
			isa = PBXGroup;
			children = (
				175CD5882626DCB800A0EE37 /* Preview Assets.xcassets */,
			);
			path = "Preview Content";
			sourceTree = "<group>";
		};
		175CD5922626DCB800A0EE37 /* EveryLifeCareTests */ = {
			isa = PBXGroup;
			children = (
				175CD62A2627252800A0EE37 /* TaskAPI */,
				175CD60F26271E4E00A0EE37 /* DataStore */,
				175CD60E26271E3F00A0EE37 /* HTTPClient */,
				175CD5D72626EE4800A0EE37 /* Helpers */,
				175CD5952626DCB800A0EE37 /* Info.plist */,
			);
			path = EveryLifeCareTests;
			sourceTree = "<group>";
		};
		175CD59D2626DCB800A0EE37 /* EveryLifeCareUITests */ = {
			isa = PBXGroup;
			children = (
				175CD59E2626DCB800A0EE37 /* EveryLifeCareUITests.swift */,
				175CD5A02626DCB800A0EE37 /* Info.plist */,
			);
			path = EveryLifeCareUITests;
			sourceTree = "<group>";
		};
		175CD5B82626E70100A0EE37 /* Data Model */ = {
			isa = PBXGroup;
			children = (
				175CD5B92626E71400A0EE37 /* Task.swift */,
				175CD5C12626E72F00A0EE37 /* Task+Fetchable.swift */,
			);
			path = "Data Model";
			sourceTree = "<group>";
		};
		175CD5C62626EA0600A0EE37 /* Network */ = {
			isa = PBXGroup;
			children = (
				175CD5EA26271C7000A0EE37 /* HTTPClient */,
				175CD61B2627249000A0EE37 /* TaskLoader.swift */,
				175CD620262724A900A0EE37 /* TaskAPI.swift */,
				175CD625262724CB00A0EE37 /* TaskMapper.swift */,
			);
			path = Network;
			sourceTree = "<group>";
		};
		175CD5D72626EE4800A0EE37 /* Helpers */ = {
			isa = PBXGroup;
			children = (
				175CD5D82626EE9E00A0EE37 /* XCTestCase+MemoryLeakTracking.swift */,
			);
			path = Helpers;
			sourceTree = "<group>";
		};
		175CD5EA26271C7000A0EE37 /* HTTPClient */ = {
			isa = PBXGroup;
			children = (
				175CD5C72626EDFD00A0EE37 /* HTTPClient.swift */,
				175CD5CF2626EE1800A0EE37 /* URLSessionHTTPClient.swift */,
			);
			path = HTTPClient;
			sourceTree = "<group>";
		};
		175CD5F826271D3400A0EE37 /* Database */ = {
			isa = PBXGroup;
			children = (
				175CD5F926271D4900A0EE37 /* SQLDatabase.swift */,
				175CD5FE26271D6900A0EE37 /* DatabaseTable.swift */,
				175CD60326271D9100A0EE37 /* SQLDatabase+DataStore.swift */,
				175CD60826271DCF00A0EE37 /* TaskDataStore.swift */,
			);
			path = Database;
			sourceTree = "<group>";
		};
		175CD60E26271E3F00A0EE37 /* HTTPClient */ = {
			isa = PBXGroup;
			children = (
				175CD5E02626EEC200A0EE37 /* URLSessionHTTPClientTests.swift */,
			);
			path = HTTPClient;
			sourceTree = "<group>";
		};
		175CD60F26271E4E00A0EE37 /* DataStore */ = {
			isa = PBXGroup;
			children = (
				175CD61026271E8700A0EE37 /* SQLDatabaseTests.swift */,
			);
			path = DataStore;
			sourceTree = "<group>";
		};
		175CD62A2627252800A0EE37 /* TaskAPI */ = {
			isa = PBXGroup;
			children = (
				175CD62B2627253B00A0EE37 /* TaskMapperTests.swift */,
				175CD633262736C900A0EE37 /* TaskAPITests.swift */,
			);
			path = TaskAPI;
			sourceTree = "<group>";
		};
		175CD6382627403300A0EE37 /* Views */ = {
			isa = PBXGroup;
			children = (
				175CD6392627405000A0EE37 /* LoadingSpinnerView.swift */,
				175CD6412627418B00A0EE37 /* BannerView.swift */,
				175CD646262741B500A0EE37 /* FilterBar.swift */,
				175CD6532627422C00A0EE37 /* TaskView.swift */,
			);
			path = Views;
			sourceTree = "<group>";
		};
		175CD6582627424900A0EE37 /* View Models */ = {
			isa = PBXGroup;
			children = (
			);
			path = "View Models";
			sourceTree = "<group>";
		};
/* End PBXGroup section */

/* Begin PBXNativeTarget section */
		175CD57D2626DCB700A0EE37 /* EveryLifeCare */ = {
			isa = PBXNativeTarget;
			buildConfigurationList = 175CD5A32626DCB800A0EE37 /* Build configuration list for PBXNativeTarget "EveryLifeCare" */;
			buildPhases = (
				175CD57A2626DCB700A0EE37 /* Sources */,
				175CD57B2626DCB700A0EE37 /* Frameworks */,
				175CD57C2626DCB700A0EE37 /* Resources */,
			);
			buildRules = (
			);
			dependencies = (
			);
			name = EveryLifeCare;
			packageProductDependencies = (
				175CD5B02626E65800A0EE37 /* GRDB */,
			);
			productName = EveryLifeCare;
			productReference = 175CD57E2626DCB700A0EE37 /* EveryLifeCare.app */;
			productType = "com.apple.product-type.application";
		};
		175CD58E2626DCB800A0EE37 /* EveryLifeCareTests */ = {
			isa = PBXNativeTarget;
			buildConfigurationList = 175CD5A62626DCB800A0EE37 /* Build configuration list for PBXNativeTarget "EveryLifeCareTests" */;
			buildPhases = (
				175CD58B2626DCB800A0EE37 /* Sources */,
				175CD58C2626DCB800A0EE37 /* Frameworks */,
				175CD58D2626DCB800A0EE37 /* Resources */,
			);
			buildRules = (
			);
			dependencies = (
				175CD5912626DCB800A0EE37 /* PBXTargetDependency */,
			);
			name = EveryLifeCareTests;
			productName = EveryLifeCareTests;
			productReference = 175CD58F2626DCB800A0EE37 /* EveryLifeCareTests.xctest */;
			productType = "com.apple.product-type.bundle.unit-test";
		};
		175CD5992626DCB800A0EE37 /* EveryLifeCareUITests */ = {
			isa = PBXNativeTarget;
			buildConfigurationList = 175CD5A92626DCB800A0EE37 /* Build configuration list for PBXNativeTarget "EveryLifeCareUITests" */;
			buildPhases = (
				175CD5962626DCB800A0EE37 /* Sources */,
				175CD5972626DCB800A0EE37 /* Frameworks */,
				175CD5982626DCB800A0EE37 /* Resources */,
			);
			buildRules = (
			);
			dependencies = (
				175CD59C2626DCB800A0EE37 /* PBXTargetDependency */,
			);
			name = EveryLifeCareUITests;
			productName = EveryLifeCareUITests;
			productReference = 175CD59A2626DCB800A0EE37 /* EveryLifeCareUITests.xctest */;
			productType = "com.apple.product-type.bundle.ui-testing";
		};
/* End PBXNativeTarget section */

/* Begin PBXProject section */
		175CD5762626DCB700A0EE37 /* Project object */ = {
			isa = PBXProject;
			attributes = {
				LastSwiftUpdateCheck = 1240;
				LastUpgradeCheck = 1240;
				TargetAttributes = {
					175CD57D2626DCB700A0EE37 = {
						CreatedOnToolsVersion = 12.4;
					};
					175CD58E2626DCB800A0EE37 = {
						CreatedOnToolsVersion = 12.4;
						LastSwiftMigration = 1240;
						TestTargetID = 175CD57D2626DCB700A0EE37;
					};
					175CD5992626DCB800A0EE37 = {
						CreatedOnToolsVersion = 12.4;
						TestTargetID = 175CD57D2626DCB700A0EE37;
					};
				};
			};
			buildConfigurationList = 175CD5792626DCB700A0EE37 /* Build configuration list for PBXProject "EveryLifeCare" */;
			compatibilityVersion = "Xcode 9.3";
			developmentRegion = en;
			hasScannedForEncodings = 0;
			knownRegions = (
				en,
				Base,
			);
			mainGroup = 175CD5752626DCB700A0EE37;
			packageReferences = (
				175CD5AF2626E65800A0EE37 /* XCRemoteSwiftPackageReference "GRDB.swift" */,
			);
			productRefGroup = 175CD57F2626DCB700A0EE37 /* Products */;
			projectDirPath = "";
			projectRoot = "";
			targets = (
				175CD57D2626DCB700A0EE37 /* EveryLifeCare */,
				175CD58E2626DCB800A0EE37 /* EveryLifeCareTests */,
				175CD5992626DCB800A0EE37 /* EveryLifeCareUITests */,
			);
		};
/* End PBXProject section */

/* Begin PBXResourcesBuildPhase section */
		175CD57C2626DCB700A0EE37 /* Resources */ = {
			isa = PBXResourcesBuildPhase;
			buildActionMask = 2147483647;
			files = (
				175CD5892626DCB800A0EE37 /* Preview Assets.xcassets in Resources */,
				175CD5862626DCB800A0EE37 /* Assets.xcassets in Resources */,
			);
			runOnlyForDeploymentPostprocessing = 0;
		};
		175CD58D2626DCB800A0EE37 /* Resources */ = {
			isa = PBXResourcesBuildPhase;
			buildActionMask = 2147483647;
			files = (
			);
			runOnlyForDeploymentPostprocessing = 0;
		};
		175CD5982626DCB800A0EE37 /* Resources */ = {
			isa = PBXResourcesBuildPhase;
			buildActionMask = 2147483647;
			files = (
			);
			runOnlyForDeploymentPostprocessing = 0;
		};
/* End PBXResourcesBuildPhase section */

/* Begin PBXSourcesBuildPhase section */
		175CD57A2626DCB700A0EE37 /* Sources */ = {
			isa = PBXSourcesBuildPhase;
			buildActionMask = 2147483647;
			files = (
				175CD61C2627249000A0EE37 /* TaskLoader.swift in Sources */,
				175CD621262724A900A0EE37 /* TaskAPI.swift in Sources */,
				175CD626262724CB00A0EE37 /* TaskMapper.swift in Sources */,
				175CD5FA26271D4900A0EE37 /* SQLDatabase.swift in Sources */,
				175CD5842626DCB700A0EE37 /* ContentView.swift in Sources */,
				175CD647262741B500A0EE37 /* FilterBar.swift in Sources */,
				175CD6422627418B00A0EE37 /* BannerView.swift in Sources */,
				175CD63A2627405000A0EE37 /* LoadingSpinnerView.swift in Sources */,
				175CD5C82626EDFD00A0EE37 /* HTTPClient.swift in Sources */,
				175CD60426271D9100A0EE37 /* SQLDatabase+DataStore.swift in Sources */,
				175CD6542627422C00A0EE37 /* TaskView.swift in Sources */,
				175CD5FF26271D6900A0EE37 /* DatabaseTable.swift in Sources */,
				175CD5BA2626E71400A0EE37 /* Task.swift in Sources */,
				175CD5822626DCB700A0EE37 /* EveryLifeCareApp.swift in Sources */,
				175CD5C22626E72F00A0EE37 /* Task+Fetchable.swift in Sources */,
				175CD60926271DCF00A0EE37 /* TaskDataStore.swift in Sources */,
				175CD5D02626EE1800A0EE37 /* URLSessionHTTPClient.swift in Sources */,
			);
			runOnlyForDeploymentPostprocessing = 0;
		};
		175CD58B2626DCB800A0EE37 /* Sources */ = {
			isa = PBXSourcesBuildPhase;
			buildActionMask = 2147483647;
			files = (
				175CD5D92626EE9E00A0EE37 /* XCTestCase+MemoryLeakTracking.swift in Sources */,
				175CD5E12626EEC200A0EE37 /* URLSessionHTTPClientTests.swift in Sources */,
				175CD634262736C900A0EE37 /* TaskAPITests.swift in Sources */,
				175CD61126271E8700A0EE37 /* SQLDatabaseTests.swift in Sources */,
				175CD62C2627253B00A0EE37 /* TaskMapperTests.swift in Sources */,
			);
			runOnlyForDeploymentPostprocessing = 0;
		};
		175CD5962626DCB800A0EE37 /* Sources */ = {
			isa = PBXSourcesBuildPhase;
			buildActionMask = 2147483647;
			files = (
				175CD59F2626DCB800A0EE37 /* EveryLifeCareUITests.swift in Sources */,
			);
			runOnlyForDeploymentPostprocessing = 0;
		};
/* End PBXSourcesBuildPhase section */

/* Begin PBXTargetDependency section */
		175CD5912626DCB800A0EE37 /* PBXTargetDependency */ = {
			isa = PBXTargetDependency;
			target = 175CD57D2626DCB700A0EE37 /* EveryLifeCare */;
			targetProxy = 175CD5902626DCB800A0EE37 /* PBXContainerItemProxy */;
		};
		175CD59C2626DCB800A0EE37 /* PBXTargetDependency */ = {
			isa = PBXTargetDependency;
			target = 175CD57D2626DCB700A0EE37 /* EveryLifeCare */;
			targetProxy = 175CD59B2626DCB800A0EE37 /* PBXContainerItemProxy */;
		};
/* End PBXTargetDependency section */

/* Begin XCBuildConfiguration section */
		175CD5A12626DCB800A0EE37 /* Debug */ = {
			isa = XCBuildConfiguration;
			buildSettings = {
				ALWAYS_SEARCH_USER_PATHS = NO;
				CLANG_ANALYZER_NONNULL = YES;
				CLANG_ANALYZER_NUMBER_OBJECT_CONVERSION = YES_AGGRESSIVE;
				CLANG_CXX_LANGUAGE_STANDARD = "gnu++14";
				CLANG_CXX_LIBRARY = "libc++";
				CLANG_ENABLE_MODULES = YES;
				CLANG_ENABLE_OBJC_ARC = YES;
				CLANG_ENABLE_OBJC_WEAK = YES;
				CLANG_WARN_BLOCK_CAPTURE_AUTORELEASING = YES;
				CLANG_WARN_BOOL_CONVERSION = YES;
				CLANG_WARN_COMMA = YES;
				CLANG_WARN_CONSTANT_CONVERSION = YES;
				CLANG_WARN_DEPRECATED_OBJC_IMPLEMENTATIONS = YES;
				CLANG_WARN_DIRECT_OBJC_ISA_USAGE = YES_ERROR;
				CLANG_WARN_DOCUMENTATION_COMMENTS = YES;
				CLANG_WARN_EMPTY_BODY = YES;
				CLANG_WARN_ENUM_CONVERSION = YES;
				CLANG_WARN_INFINITE_RECURSION = YES;
				CLANG_WARN_INT_CONVERSION = YES;
				CLANG_WARN_NON_LITERAL_NULL_CONVERSION = YES;
				CLANG_WARN_OBJC_IMPLICIT_RETAIN_SELF = YES;
				CLANG_WARN_OBJC_LITERAL_CONVERSION = YES;
				CLANG_WARN_OBJC_ROOT_CLASS = YES_ERROR;
				CLANG_WARN_QUOTED_INCLUDE_IN_FRAMEWORK_HEADER = YES;
				CLANG_WARN_RANGE_LOOP_ANALYSIS = YES;
				CLANG_WARN_STRICT_PROTOTYPES = YES;
				CLANG_WARN_SUSPICIOUS_MOVE = YES;
				CLANG_WARN_UNGUARDED_AVAILABILITY = YES_AGGRESSIVE;
				CLANG_WARN_UNREACHABLE_CODE = YES;
				CLANG_WARN__DUPLICATE_METHOD_MATCH = YES;
				COPY_PHASE_STRIP = NO;
				DEBUG_INFORMATION_FORMAT = dwarf;
				ENABLE_STRICT_OBJC_MSGSEND = YES;
				ENABLE_TESTABILITY = YES;
				GCC_C_LANGUAGE_STANDARD = gnu11;
				GCC_DYNAMIC_NO_PIC = NO;
				GCC_NO_COMMON_BLOCKS = YES;
				GCC_OPTIMIZATION_LEVEL = 0;
				GCC_PREPROCESSOR_DEFINITIONS = (
					"DEBUG=1",
					"$(inherited)",
				);
				GCC_WARN_64_TO_32_BIT_CONVERSION = YES;
				GCC_WARN_ABOUT_RETURN_TYPE = YES_ERROR;
				GCC_WARN_UNDECLARED_SELECTOR = YES;
				GCC_WARN_UNINITIALIZED_AUTOS = YES_AGGRESSIVE;
				GCC_WARN_UNUSED_FUNCTION = YES;
				GCC_WARN_UNUSED_VARIABLE = YES;
				IPHONEOS_DEPLOYMENT_TARGET = 14.4;
				MTL_ENABLE_DEBUG_INFO = INCLUDE_SOURCE;
				MTL_FAST_MATH = YES;
				ONLY_ACTIVE_ARCH = YES;
				SDKROOT = iphoneos;
				SWIFT_ACTIVE_COMPILATION_CONDITIONS = DEBUG;
				SWIFT_OPTIMIZATION_LEVEL = "-Onone";
			};
			name = Debug;
		};
		175CD5A22626DCB800A0EE37 /* Release */ = {
			isa = XCBuildConfiguration;
			buildSettings = {
				ALWAYS_SEARCH_USER_PATHS = NO;
				CLANG_ANALYZER_NONNULL = YES;
				CLANG_ANALYZER_NUMBER_OBJECT_CONVERSION = YES_AGGRESSIVE;
				CLANG_CXX_LANGUAGE_STANDARD = "gnu++14";
				CLANG_CXX_LIBRARY = "libc++";
				CLANG_ENABLE_MODULES = YES;
				CLANG_ENABLE_OBJC_ARC = YES;
				CLANG_ENABLE_OBJC_WEAK = YES;
				CLANG_WARN_BLOCK_CAPTURE_AUTORELEASING = YES;
				CLANG_WARN_BOOL_CONVERSION = YES;
				CLANG_WARN_COMMA = YES;
				CLANG_WARN_CONSTANT_CONVERSION = YES;
				CLANG_WARN_DEPRECATED_OBJC_IMPLEMENTATIONS = YES;
				CLANG_WARN_DIRECT_OBJC_ISA_USAGE = YES_ERROR;
				CLANG_WARN_DOCUMENTATION_COMMENTS = YES;
				CLANG_WARN_EMPTY_BODY = YES;
				CLANG_WARN_ENUM_CONVERSION = YES;
				CLANG_WARN_INFINITE_RECURSION = YES;
				CLANG_WARN_INT_CONVERSION = YES;
				CLANG_WARN_NON_LITERAL_NULL_CONVERSION = YES;
				CLANG_WARN_OBJC_IMPLICIT_RETAIN_SELF = YES;
				CLANG_WARN_OBJC_LITERAL_CONVERSION = YES;
				CLANG_WARN_OBJC_ROOT_CLASS = YES_ERROR;
				CLANG_WARN_QUOTED_INCLUDE_IN_FRAMEWORK_HEADER = YES;
				CLANG_WARN_RANGE_LOOP_ANALYSIS = YES;
				CLANG_WARN_STRICT_PROTOTYPES = YES;
				CLANG_WARN_SUSPICIOUS_MOVE = YES;
				CLANG_WARN_UNGUARDED_AVAILABILITY = YES_AGGRESSIVE;
				CLANG_WARN_UNREACHABLE_CODE = YES;
				CLANG_WARN__DUPLICATE_METHOD_MATCH = YES;
				COPY_PHASE_STRIP = NO;
				DEBUG_INFORMATION_FORMAT = "dwarf-with-dsym";
				ENABLE_NS_ASSERTIONS = NO;
				ENABLE_STRICT_OBJC_MSGSEND = YES;
				GCC_C_LANGUAGE_STANDARD = gnu11;
				GCC_NO_COMMON_BLOCKS = YES;
				GCC_WARN_64_TO_32_BIT_CONVERSION = YES;
				GCC_WARN_ABOUT_RETURN_TYPE = YES_ERROR;
				GCC_WARN_UNDECLARED_SELECTOR = YES;
				GCC_WARN_UNINITIALIZED_AUTOS = YES_AGGRESSIVE;
				GCC_WARN_UNUSED_FUNCTION = YES;
				GCC_WARN_UNUSED_VARIABLE = YES;
				IPHONEOS_DEPLOYMENT_TARGET = 14.4;
				MTL_ENABLE_DEBUG_INFO = NO;
				MTL_FAST_MATH = YES;
				SDKROOT = iphoneos;
				SWIFT_COMPILATION_MODE = wholemodule;
				SWIFT_OPTIMIZATION_LEVEL = "-O";
				VALIDATE_PRODUCT = YES;
			};
			name = Release;
		};
		175CD5A42626DCB800A0EE37 /* Debug */ = {
			isa = XCBuildConfiguration;
			buildSettings = {
				ASSETCATALOG_COMPILER_APPICON_NAME = AppIcon;
				ASSETCATALOG_COMPILER_GLOBAL_ACCENT_COLOR_NAME = AccentColor;
				CODE_SIGN_STYLE = Automatic;
				DEVELOPMENT_ASSET_PATHS = "\"EveryLifeCare/Preview Content\"";
				DEVELOPMENT_TEAM = 7947CFF545;
				ENABLE_PREVIEWS = YES;
				INFOPLIST_FILE = EveryLifeCare/Info.plist;
				IPHONEOS_DEPLOYMENT_TARGET = 14.0;
				LD_RUNPATH_SEARCH_PATHS = (
					"$(inherited)",
					"@executable_path/Frameworks",
				);
				PRODUCT_BUNDLE_IDENTIFIER = com.scmotech.EveryLifeCare;
				PRODUCT_NAME = "$(TARGET_NAME)";
				SWIFT_VERSION = 5.0;
				TARGETED_DEVICE_FAMILY = "1,2";
			};
			name = Debug;
		};
		175CD5A52626DCB800A0EE37 /* Release */ = {
			isa = XCBuildConfiguration;
			buildSettings = {
				ASSETCATALOG_COMPILER_APPICON_NAME = AppIcon;
				ASSETCATALOG_COMPILER_GLOBAL_ACCENT_COLOR_NAME = AccentColor;
				CODE_SIGN_STYLE = Automatic;
				DEVELOPMENT_ASSET_PATHS = "\"EveryLifeCare/Preview Content\"";
				DEVELOPMENT_TEAM = 7947CFF545;
				ENABLE_PREVIEWS = YES;
				INFOPLIST_FILE = EveryLifeCare/Info.plist;
				IPHONEOS_DEPLOYMENT_TARGET = 14.0;
				LD_RUNPATH_SEARCH_PATHS = (
					"$(inherited)",
					"@executable_path/Frameworks",
				);
				PRODUCT_BUNDLE_IDENTIFIER = com.scmotech.EveryLifeCare;
				PRODUCT_NAME = "$(TARGET_NAME)";
				SWIFT_VERSION = 5.0;
				TARGETED_DEVICE_FAMILY = "1,2";
			};
			name = Release;
		};
		175CD5A72626DCB800A0EE37 /* Debug */ = {
			isa = XCBuildConfiguration;
			buildSettings = {
				ALWAYS_EMBED_SWIFT_STANDARD_LIBRARIES = YES;
				BUNDLE_LOADER = "$(TEST_HOST)";
				CLANG_ENABLE_MODULES = YES;
				CODE_SIGN_STYLE = Automatic;
				DEVELOPMENT_TEAM = 7947CFF545;
				INFOPLIST_FILE = EveryLifeCareTests/Info.plist;
				IPHONEOS_DEPLOYMENT_TARGET = 14.0;
				LD_RUNPATH_SEARCH_PATHS = (
					"$(inherited)",
					"@executable_path/Frameworks",
					"@loader_path/Frameworks",
				);
				PRODUCT_BUNDLE_IDENTIFIER = com.scmotech.EveryLifeCareTests;
				PRODUCT_NAME = "$(TARGET_NAME)";
				SWIFT_OPTIMIZATION_LEVEL = "-Onone";
				SWIFT_VERSION = 5.0;
				TARGETED_DEVICE_FAMILY = "1,2";
				TEST_HOST = "$(BUILT_PRODUCTS_DIR)/EveryLifeCare.app/EveryLifeCare";
			};
			name = Debug;
		};
		175CD5A82626DCB800A0EE37 /* Release */ = {
			isa = XCBuildConfiguration;
			buildSettings = {
				ALWAYS_EMBED_SWIFT_STANDARD_LIBRARIES = YES;
				BUNDLE_LOADER = "$(TEST_HOST)";
				CLANG_ENABLE_MODULES = YES;
				CODE_SIGN_STYLE = Automatic;
				DEVELOPMENT_TEAM = 7947CFF545;
				INFOPLIST_FILE = EveryLifeCareTests/Info.plist;
				IPHONEOS_DEPLOYMENT_TARGET = 14.0;
				LD_RUNPATH_SEARCH_PATHS = (
					"$(inherited)",
					"@executable_path/Frameworks",
					"@loader_path/Frameworks",
				);
				PRODUCT_BUNDLE_IDENTIFIER = com.scmotech.EveryLifeCareTests;
				PRODUCT_NAME = "$(TARGET_NAME)";
				SWIFT_VERSION = 5.0;
				TARGETED_DEVICE_FAMILY = "1,2";
				TEST_HOST = "$(BUILT_PRODUCTS_DIR)/EveryLifeCare.app/EveryLifeCare";
			};
			name = Release;
		};
		175CD5AA2626DCB800A0EE37 /* Debug */ = {
			isa = XCBuildConfiguration;
			buildSettings = {
				ALWAYS_EMBED_SWIFT_STANDARD_LIBRARIES = YES;
				CODE_SIGN_STYLE = Automatic;
				DEVELOPMENT_TEAM = 7947CFF545;
				INFOPLIST_FILE = EveryLifeCareUITests/Info.plist;
				LD_RUNPATH_SEARCH_PATHS = (
					"$(inherited)",
					"@executable_path/Frameworks",
					"@loader_path/Frameworks",
				);
				PRODUCT_BUNDLE_IDENTIFIER = com.scmotech.EveryLifeCareUITests;
				PRODUCT_NAME = "$(TARGET_NAME)";
				SWIFT_VERSION = 5.0;
				TARGETED_DEVICE_FAMILY = "1,2";
				TEST_TARGET_NAME = EveryLifeCare;
			};
			name = Debug;
		};
		175CD5AB2626DCB800A0EE37 /* Release */ = {
			isa = XCBuildConfiguration;
			buildSettings = {
				ALWAYS_EMBED_SWIFT_STANDARD_LIBRARIES = YES;
				CODE_SIGN_STYLE = Automatic;
				DEVELOPMENT_TEAM = 7947CFF545;
				INFOPLIST_FILE = EveryLifeCareUITests/Info.plist;
				LD_RUNPATH_SEARCH_PATHS = (
					"$(inherited)",
					"@executable_path/Frameworks",
					"@loader_path/Frameworks",
				);
				PRODUCT_BUNDLE_IDENTIFIER = com.scmotech.EveryLifeCareUITests;
				PRODUCT_NAME = "$(TARGET_NAME)";
				SWIFT_VERSION = 5.0;
				TARGETED_DEVICE_FAMILY = "1,2";
				TEST_TARGET_NAME = EveryLifeCare;
			};
			name = Release;
		};
/* End XCBuildConfiguration section */

/* Begin XCConfigurationList section */
		175CD5792626DCB700A0EE37 /* Build configuration list for PBXProject "EveryLifeCare" */ = {
			isa = XCConfigurationList;
			buildConfigurations = (
				175CD5A12626DCB800A0EE37 /* Debug */,
				175CD5A22626DCB800A0EE37 /* Release */,
			);
			defaultConfigurationIsVisible = 0;
			defaultConfigurationName = Release;
		};
		175CD5A32626DCB800A0EE37 /* Build configuration list for PBXNativeTarget "EveryLifeCare" */ = {
			isa = XCConfigurationList;
			buildConfigurations = (
				175CD5A42626DCB800A0EE37 /* Debug */,
				175CD5A52626DCB800A0EE37 /* Release */,
			);
			defaultConfigurationIsVisible = 0;
			defaultConfigurationName = Release;
		};
		175CD5A62626DCB800A0EE37 /* Build configuration list for PBXNativeTarget "EveryLifeCareTests" */ = {
			isa = XCConfigurationList;
			buildConfigurations = (
				175CD5A72626DCB800A0EE37 /* Debug */,
				175CD5A82626DCB800A0EE37 /* Release */,
			);
			defaultConfigurationIsVisible = 0;
			defaultConfigurationName = Release;
		};
		175CD5A92626DCB800A0EE37 /* Build configuration list for PBXNativeTarget "EveryLifeCareUITests" */ = {
			isa = XCConfigurationList;
			buildConfigurations = (
				175CD5AA2626DCB800A0EE37 /* Debug */,
				175CD5AB2626DCB800A0EE37 /* Release */,
			);
			defaultConfigurationIsVisible = 0;
			defaultConfigurationName = Release;
		};
/* End XCConfigurationList section */

/* Begin XCRemoteSwiftPackageReference section */
		175CD5AF2626E65800A0EE37 /* XCRemoteSwiftPackageReference "GRDB.swift" */ = {
			isa = XCRemoteSwiftPackageReference;
			repositoryURL = "https://github.com/groue/GRDB.swift.git";
			requirement = {
				kind = upToNextMajorVersion;
				minimumVersion = 5.7.4;
			};
		};
/* End XCRemoteSwiftPackageReference section */

/* Begin XCSwiftPackageProductDependency section */
		175CD5B02626E65800A0EE37 /* GRDB */ = {
			isa = XCSwiftPackageProductDependency;
			package = 175CD5AF2626E65800A0EE37 /* XCRemoteSwiftPackageReference "GRDB.swift" */;
			productName = GRDB;
		};
/* End XCSwiftPackageProductDependency section */
	};
	rootObject = 175CD5762626DCB700A0EE37 /* Project object */;
}
